
Microsoft Visual Studio Solution File, Format Version 12.00
# Visual Studio Version 17
VisualStudioVersion = 17.4.33213.308
MinimumVisualStudioVersion = 10.0.40219.1
Project("{FAE04EC0-301F-11D3-BF4B-00C04F79EFBC}") = "Training.UI", "Training.UI\Training.UI.csproj", "{1FFCB568-E108-4274-8352-2FDBD4B4E8FD}"
EndProject
Project("{FAE04EC0-301F-11D3-BF4B-00C04F79EFBC}") = "Training.ViewModels", "Training.ViewModels\Training.ViewModels.csproj", "{829989B8-F311-4B35-8127-4D2B756EE982}"
EndProject
Project("{FAE04EC0-301F-11D3-BF4B-00C04F79EFBC}") = "Traning.Core", "Traning.Core\Traning.Core.csproj", "{58B1D180-DC4F-4005-BE87-499383761935}"
EndProject
Global
	GlobalSection(SolutionConfigurationPlatforms) = preSolution
		Debug|Any CPU = Debug|Any CPU
		Release|Any CPU = Release|Any CPU
	EndGlobalSection
	GlobalSection(ProjectConfigurationPlatforms) = postSolution
		{1FFCB568-E108-4274-8352-2FDBD4B4E8FD}.Debug|Any CPU.ActiveCfg = Debug|Any CPU
		{1FFCB568-E108-4274-8352-2FDBD4B4E8FD}.Debug|Any CPU.Build.0 = Debug|Any CPU
		{1FFCB568-E108-4274-8352-2FDBD4B4E8FD}.Release|Any CPU.ActiveCfg = Release|Any CPU
		{1FFCB568-E108-4274-8352-2FDBD4B4E8FD}.Release|Any CPU.Build.0 = Release|Any CPU
		{829989B8-F311-4B35-8127-4D2B756EE982}.Debug|Any CPU.ActiveCfg = Debug|Any CPU
		{829989B8-F311-4B35-8127-4D2B756EE982}.Debug|Any CPU.Build.0 = Debug|Any CPU
		{829989B8-F311-4B35-8127-4D2B756EE982}.Release|Any CPU.ActiveCfg = Release|Any CPU
		{829989B8-F311-4B35-8127-4D2B756EE982}.Release|Any CPU.Build.0 = Release|Any CPU
		{58B1D180-DC4F-4005-BE87-499383761935}.Debug|Any CPU.ActiveCfg = Debug|Any CPU
		{58B1D180-DC4F-4005-BE87-499383761935}.Debug|Any CPU.Build.0 = Debug|Any CPU
		{58B1D180-DC4F-4005-BE87-499383761935}.Release|Any CPU.ActiveCfg = Release|Any CPU
		{58B1D180-DC4F-4005-BE87-499383761935}.Release|Any CPU.Build.0 = Release|Any CPU
	EndGlobalSection
	GlobalSection(SolutionProperties) = preSolution
		HideSolutionNode = FALSE
	EndGlobalSection
	GlobalSection(ExtensibilityGlobals) = postSolution
		SolutionGuid = {4CD497E0-C744-480B-B404-6D836F5CBF2F}
	EndGlobalSection
EndGlobal
