
Microsoft Visual Studio Solution File, Format Version 12.00
# Visual Studio Version 17
VisualStudioVersion = 17.4.33213.308
MinimumVisualStudioVersion = 10.0.40219.1
Project("{FAE04EC0-301F-11D3-BF4B-00C04F79EFBC}") = "WindowsStoreClone", "WindowsStoreClone\WindowsStoreClone.csproj", "{B7E2314E-8034-40B8-BB39-56038B9BA6E6}"
EndProject
Global
	GlobalSection(SolutionConfigurationPlatforms) = preSolution
		Debug|Any CPU = Debug|Any CPU
		Release|Any CPU = Release|Any CPU
	EndGlobalSection
	GlobalSection(ProjectConfigurationPlatforms) = postSolution
		{B7E2314E-8034-40B8-BB39-56038B9BA6E6}.Debug|Any CPU.ActiveCfg = Debug|Any CPU
		{B7E2314E-8034-40B8-BB39-56038B9BA6E6}.Debug|Any CPU.Build.0 = Debug|Any CPU
		{B7E2314E-8034-40B8-BB39-56038B9BA6E6}.Release|Any CPU.ActiveCfg = Release|Any CPU
		{B7E2314E-8034-40B8-BB39-56038B9BA6E6}.Release|Any CPU.Build.0 = Release|Any CPU
	EndGlobalSection
	GlobalSection(SolutionProperties) = preSolution
		HideSolutionNode = FALSE
	EndGlobalSection
	GlobalSection(ExtensibilityGlobals) = postSolution
		SolutionGuid = {D71BE314-C509-4E1C-A757-28A8B0C0BEAF}
	EndGlobalSection
EndGlobal
