
Microsoft Visual Studio Solution File, Format Version 12.00
# Visual Studio Version 17
VisualStudioVersion = 17.4.33213.308
MinimumVisualStudioVersion = 10.0.40219.1
Project("{FAE04EC0-301F-11D3-BF4B-00C04F79EFBC}") = "DelegatesEventsDemo", "DelegatesEventsDemo\DelegatesEventsDemo.csproj", "{BD7ACCFA-9849-431D-BD31-5F39DFCF6D93}"
EndProject
Global
	GlobalSection(SolutionConfigurationPlatforms) = preSolution
		Debug|Any CPU = Debug|Any CPU
		Release|Any CPU = Release|Any CPU
	EndGlobalSection
	GlobalSection(ProjectConfigurationPlatforms) = postSolution
		{BD7ACCFA-9849-431D-BD31-5F39DFCF6D93}.Debug|Any CPU.ActiveCfg = Debug|Any CPU
		{BD7ACCFA-9849-431D-BD31-5F39DFCF6D93}.Debug|Any CPU.Build.0 = Debug|Any CPU
		{BD7ACCFA-9849-431D-BD31-5F39DFCF6D93}.Release|Any CPU.ActiveCfg = Release|Any CPU
		{BD7ACCFA-9849-431D-BD31-5F39DFCF6D93}.Release|Any CPU.Build.0 = Release|Any CPU
	EndGlobalSection
	GlobalSection(SolutionProperties) = preSolution
		HideSolutionNode = FALSE
	EndGlobalSection
	GlobalSection(ExtensibilityGlobals) = postSolution
		SolutionGuid = {02BA3C8E-8151-49AE-BB63-F9CDFBB7B3E8}
	EndGlobalSection
EndGlobal
